
Microsoft Visual Studio Solution File, Format Version 12.00
# Visual Studio Version 17
VisualStudioVersion = 17.2.32630.192
MinimumVisualStudioVersion = 10.0.40219.1
Project("{FAE04EC0-301F-11D3-BF4B-00C04F79EFBC}") = "KILL_Tree", "KILL_Tree.csproj", "{CE0FB5A4-FDF2-499C-B868-CE0F52D6D086}"
EndProject
Project("{2150E333-8FDC-42A3-9474-1A3956D46DE8}") = "Solution Items", "Solution Items", "{FEC0D9A8-1194-4038-9C01-95EFD6AD3BAD}"
	ProjectSection(SolutionItems) = preProject
		.editorconfig = .editorconfig
	EndProjectSection
EndProject
Project("{2150E333-8FDC-42A3-9474-1A3956D46DE8}") = "Элементы решения", "Элементы решения", "{4021626D-F950-4401-9E48-4C3E6D748083}"
EndProject
Global
	GlobalSection(SolutionConfigurationPlatforms) = preSolution
		Debug|Any CPU = Debug|Any CPU
		Release|Any CPU = Release|Any CPU
	EndGlobalSection
	GlobalSection(ProjectConfigurationPlatforms) = postSolution
		{CE0FB5A4-FDF2-499C-B868-CE0F52D6D086}.Debug|Any CPU.ActiveCfg = Debug|Any CPU
		{CE0FB5A4-FDF2-499C-B868-CE0F52D6D086}.Debug|Any CPU.Build.0 = Debug|Any CPU
		{CE0FB5A4-FDF2-499C-B868-CE0F52D6D086}.Release|Any CPU.ActiveCfg = Release|Any CPU
		{CE0FB5A4-FDF2-499C-B868-CE0F52D6D086}.Release|Any CPU.Build.0 = Release|Any CPU
	EndGlobalSection
	GlobalSection(SolutionProperties) = preSolution
		HideSolutionNode = FALSE
	EndGlobalSection
	GlobalSection(ExtensibilityGlobals) = postSolution
		SolutionGuid = {5674FBB5-79C7-474D-882C-FC9A54E112D5}
	EndGlobalSection
EndGlobal
